
Microsoft Visual Studio Solution File, Format Version 12.00
# Visual Studio Version 17
VisualStudioVersion = 17.8.34316.72
MinimumVisualStudioVersion = 10.0.40219.1
Project("{FAE04EC0-301F-11D3-BF4B-00C04F79EFBC}") = "WebApiP2", "WebApiHardC\WebApiP2.csproj", "{3F34DF42-B090-47AD-B283-5A3501F2624A}"
EndProject
Global
	GlobalSection(SolutionConfigurationPlatforms) = preSolution
		Debug|Any CPU = Debug|Any CPU
		Release|Any CPU = Release|Any CPU
	EndGlobalSection
	GlobalSection(ProjectConfigurationPlatforms) = postSolution
		{3F34DF42-B090-47AD-B283-5A3501F2624A}.Debug|Any CPU.ActiveCfg = Debug|Any CPU
		{3F34DF42-B090-47AD-B283-5A3501F2624A}.Debug|Any CPU.Build.0 = Debug|Any CPU
		{3F34DF42-B090-47AD-B283-5A3501F2624A}.Release|Any CPU.ActiveCfg = Release|Any CPU
		{3F34DF42-B090-47AD-B283-5A3501F2624A}.Release|Any CPU.Build.0 = Release|Any CPU
	EndGlobalSection
	GlobalSection(SolutionProperties) = preSolution
		HideSolutionNode = FALSE
	EndGlobalSection
	GlobalSection(ExtensibilityGlobals) = postSolution
		SolutionGuid = {A7F87D21-F108-4192-8827-234C9886B919}
	EndGlobalSection
EndGlobal
